// !$*UTF8*$!
{
	archiveVersion = 1;
	classes = {
	};
	objectVersion = 50;
	objects = {

/* Begin PBXBuildFile section */
		414DADFA262E9F1E00AB5E38 /* AppDelegate.swift in Sources */ = {isa = PBXBuildFile; fileRef = 414DADF9262E9F1E00AB5E38 /* AppDelegate.swift */; };
		414DADFC262E9F1E00AB5E38 /* SceneDelegate.swift in Sources */ = {isa = PBXBuildFile; fileRef = 414DADFB262E9F1E00AB5E38 /* SceneDelegate.swift */; };
		414DAE01262E9F1E00AB5E38 /* Main.storyboard in Resources */ = {isa = PBXBuildFile; fileRef = 414DADFF262E9F1E00AB5E38 /* Main.storyboard */; };
		414DAE04262E9F1E00AB5E38 /* LifeCycle_To_Do.xcdatamodeld in Sources */ = {isa = PBXBuildFile; fileRef = 414DAE02262E9F1E00AB5E38 /* LifeCycle_To_Do.xcdatamodeld */; };
		414DAE06262E9F1F00AB5E38 /* Assets.xcassets in Resources */ = {isa = PBXBuildFile; fileRef = 414DAE05262E9F1F00AB5E38 /* Assets.xcassets */; };
		414DAE09262E9F1F00AB5E38 /* LaunchScreen.storyboard in Resources */ = {isa = PBXBuildFile; fileRef = 414DAE07262E9F1F00AB5E38 /* LaunchScreen.storyboard */; };
		414DAE13262E9F5F00AB5E38 /* LoginTableViewController.swift in Sources */ = {isa = PBXBuildFile; fileRef = 414DAE12262E9F5F00AB5E38 /* LoginTableViewController.swift */; };
		4162C1AC26352EDB0091E9AF /* MyProfileViewController.swift in Sources */ = {isa = PBXBuildFile; fileRef = 4162C1AB26352EDB0091E9AF /* MyProfileViewController.swift */; };
		4162C1AF263664840091E9AF /* FocusViewController.swift in Sources */ = {isa = PBXBuildFile; fileRef = 4162C1AE263664840091E9AF /* FocusViewController.swift */; };
		4162C1B52636D3F00091E9AF /* AddTaskViewController.swift in Sources */ = {isa = PBXBuildFile; fileRef = 4162C1B42636D3F00091E9AF /* AddTaskViewController.swift */; };
		4162C1B82636D3FC0091E9AF /* AddHabitViewController.swift in Sources */ = {isa = PBXBuildFile; fileRef = 4162C1B72636D3FC0091E9AF /* AddHabitViewController.swift */; };
		4162C1EF2637CC610091E9AF /* LifeCycle-DataModel.xcdatamodeld in Sources */ = {isa = PBXBuildFile; fileRef = 4162C1ED2637CC610091E9AF /* LifeCycle-DataModel.xcdatamodeld */; };
		4162C2002637CFFA0091E9AF /* MulticastDelegate.swift in Sources */ = {isa = PBXBuildFile; fileRef = 4162C1FF2637CFFA0091E9AF /* MulticastDelegate.swift */; };
		4162C2052637D0C00091E9AF /* DatabaseProtocol.swift in Sources */ = {isa = PBXBuildFile; fileRef = 4162C2042637D0C00091E9AF /* DatabaseProtocol.swift */; };
		4162C2082637D2400091E9AF /* CoreDataController.swift in Sources */ = {isa = PBXBuildFile; fileRef = 4162C2072637D2400091E9AF /* CoreDataController.swift */; };
		41C494B1263CE89800215481 /* Habit+CoreDataClass.swift in Sources */ = {isa = PBXBuildFile; fileRef = 41C494AB263CE89800215481 /* Habit+CoreDataClass.swift */; };
		41C494B2263CE89800215481 /* Habit+CoreDataProperties.swift in Sources */ = {isa = PBXBuildFile; fileRef = 41C494AC263CE89800215481 /* Habit+CoreDataProperties.swift */; };
		41C494B3263CE89800215481 /* User+CoreDataClass.swift in Sources */ = {isa = PBXBuildFile; fileRef = 41C494AD263CE89800215481 /* User+CoreDataClass.swift */; };
		41C494B4263CE89800215481 /* User+CoreDataProperties.swift in Sources */ = {isa = PBXBuildFile; fileRef = 41C494AE263CE89800215481 /* User+CoreDataProperties.swift */; };
		41C494B5263CE89800215481 /* Task+CoreDataClass.swift in Sources */ = {isa = PBXBuildFile; fileRef = 41C494AF263CE89800215481 /* Task+CoreDataClass.swift */; };
		41C494B6263CE89800215481 /* Task+CoreDataProperties.swift in Sources */ = {isa = PBXBuildFile; fileRef = 41C494B0263CE89800215481 /* Task+CoreDataProperties.swift */; };
		41C494B8263CEA8C00215481 /* TaskTableViewCell.swift in Sources */ = {isa = PBXBuildFile; fileRef = 41C494B7263CEA8C00215481 /* TaskTableViewCell.swift */; };
		41C494BA263CEA9B00215481 /* HabitTableViewCell.swift in Sources */ = {isa = PBXBuildFile; fileRef = 41C494B9263CEA9B00215481 /* HabitTableViewCell.swift */; };
		41E3F82B2632A215009D9170 /* TodayTableViewController.swift in Sources */ = {isa = PBXBuildFile; fileRef = 41E3F82A2632A215009D9170 /* TodayTableViewController.swift */; };
/* End PBXBuildFile section */

/* Begin PBXFileReference section */
		414DADF6262E9F1E00AB5E38 /* LifeCycle-To-Do.app */ = {isa = PBXFileReference; explicitFileType = wrapper.application; includeInIndex = 0; path = "LifeCycle-To-Do.app"; sourceTree = BUILT_PRODUCTS_DIR; };
		414DADF9262E9F1E00AB5E38 /* AppDelegate.swift */ = {isa = PBXFileReference; lastKnownFileType = sourcecode.swift; path = AppDelegate.swift; sourceTree = "<group>"; };
		414DADFB262E9F1E00AB5E38 /* SceneDelegate.swift */ = {isa = PBXFileReference; lastKnownFileType = sourcecode.swift; path = SceneDelegate.swift; sourceTree = "<group>"; };
		414DAE00262E9F1E00AB5E38 /* Base */ = {isa = PBXFileReference; lastKnownFileType = file.storyboard; name = Base; path = Base.lproj/Main.storyboard; sourceTree = "<group>"; };
		414DAE03262E9F1E00AB5E38 /* LifeCycle_To_Do.xcdatamodel */ = {isa = PBXFileReference; lastKnownFileType = wrapper.xcdatamodel; path = LifeCycle_To_Do.xcdatamodel; sourceTree = "<group>"; };
		414DAE05262E9F1F00AB5E38 /* Assets.xcassets */ = {isa = PBXFileReference; lastKnownFileType = folder.assetcatalog; path = Assets.xcassets; sourceTree = "<group>"; };
		414DAE08262E9F1F00AB5E38 /* Base */ = {isa = PBXFileReference; lastKnownFileType = file.storyboard; name = Base; path = Base.lproj/LaunchScreen.storyboard; sourceTree = "<group>"; };
		414DAE0A262E9F1F00AB5E38 /* Info.plist */ = {isa = PBXFileReference; lastKnownFileType = text.plist.xml; path = Info.plist; sourceTree = "<group>"; };
		414DAE12262E9F5F00AB5E38 /* LoginTableViewController.swift */ = {isa = PBXFileReference; lastKnownFileType = sourcecode.swift; path = LoginTableViewController.swift; sourceTree = "<group>"; };
		4162C1AB26352EDB0091E9AF /* MyProfileViewController.swift */ = {isa = PBXFileReference; lastKnownFileType = sourcecode.swift; path = MyProfileViewController.swift; sourceTree = "<group>"; };
		4162C1AE263664840091E9AF /* FocusViewController.swift */ = {isa = PBXFileReference; lastKnownFileType = sourcecode.swift; path = FocusViewController.swift; sourceTree = "<group>"; };
		4162C1B42636D3F00091E9AF /* AddTaskViewController.swift */ = {isa = PBXFileReference; lastKnownFileType = sourcecode.swift; path = AddTaskViewController.swift; sourceTree = "<group>"; };
		4162C1B72636D3FC0091E9AF /* AddHabitViewController.swift */ = {isa = PBXFileReference; lastKnownFileType = sourcecode.swift; path = AddHabitViewController.swift; sourceTree = "<group>"; };
		4162C1EE2637CC610091E9AF /* LifeCycle-DataModel.xcdatamodel */ = {isa = PBXFileReference; lastKnownFileType = wrapper.xcdatamodel; path = "LifeCycle-DataModel.xcdatamodel"; sourceTree = "<group>"; };
		4162C1FF2637CFFA0091E9AF /* MulticastDelegate.swift */ = {isa = PBXFileReference; fileEncoding = 4; lastKnownFileType = sourcecode.swift; path = MulticastDelegate.swift; sourceTree = "<group>"; };
		4162C2042637D0C00091E9AF /* DatabaseProtocol.swift */ = {isa = PBXFileReference; lastKnownFileType = sourcecode.swift; path = DatabaseProtocol.swift; sourceTree = "<group>"; };
		4162C2072637D2400091E9AF /* CoreDataController.swift */ = {isa = PBXFileReference; lastKnownFileType = sourcecode.swift; path = CoreDataController.swift; sourceTree = "<group>"; };
		41C494AB263CE89800215481 /* Habit+CoreDataClass.swift */ = {isa = PBXFileReference; lastKnownFileType = sourcecode.swift; path = "Habit+CoreDataClass.swift"; sourceTree = "<group>"; };
		41C494AC263CE89800215481 /* Habit+CoreDataProperties.swift */ = {isa = PBXFileReference; lastKnownFileType = sourcecode.swift; path = "Habit+CoreDataProperties.swift"; sourceTree = "<group>"; };
		41C494AD263CE89800215481 /* User+CoreDataClass.swift */ = {isa = PBXFileReference; lastKnownFileType = sourcecode.swift; path = "User+CoreDataClass.swift"; sourceTree = "<group>"; };
		41C494AE263CE89800215481 /* User+CoreDataProperties.swift */ = {isa = PBXFileReference; lastKnownFileType = sourcecode.swift; path = "User+CoreDataProperties.swift"; sourceTree = "<group>"; };
		41C494AF263CE89800215481 /* Task+CoreDataClass.swift */ = {isa = PBXFileReference; lastKnownFileType = sourcecode.swift; path = "Task+CoreDataClass.swift"; sourceTree = "<group>"; };
		41C494B0263CE89800215481 /* Task+CoreDataProperties.swift */ = {isa = PBXFileReference; lastKnownFileType = sourcecode.swift; path = "Task+CoreDataProperties.swift"; sourceTree = "<group>"; };
		41C494B7263CEA8C00215481 /* TaskTableViewCell.swift */ = {isa = PBXFileReference; lastKnownFileType = sourcecode.swift; path = TaskTableViewCell.swift; sourceTree = "<group>"; };
		41C494B9263CEA9B00215481 /* HabitTableViewCell.swift */ = {isa = PBXFileReference; lastKnownFileType = sourcecode.swift; path = HabitTableViewCell.swift; sourceTree = "<group>"; };
		41E3F82A2632A215009D9170 /* TodayTableViewController.swift */ = {isa = PBXFileReference; lastKnownFileType = sourcecode.swift; path = TodayTableViewController.swift; sourceTree = "<group>"; };
/* End PBXFileReference section */

/* Begin PBXFrameworksBuildPhase section */
		414DADF3262E9F1E00AB5E38 /* Frameworks */ = {
			isa = PBXFrameworksBuildPhase;
			buildActionMask = 2147483647;
			files = (
			);
			runOnlyForDeploymentPostprocessing = 0;
		};
/* End PBXFrameworksBuildPhase section */

/* Begin PBXGroup section */
		414DADED262E9F1E00AB5E38 = {
			isa = PBXGroup;
			children = (
				414DADF8262E9F1E00AB5E38 /* LifeCycle-To-Do */,
				414DADF7262E9F1E00AB5E38 /* Products */,
			);
			sourceTree = "<group>";
		};
		414DADF7262E9F1E00AB5E38 /* Products */ = {
			isa = PBXGroup;
			children = (
				414DADF6262E9F1E00AB5E38 /* LifeCycle-To-Do.app */,
			);
			name = Products;
			sourceTree = "<group>";
		};
		414DADF8262E9F1E00AB5E38 /* LifeCycle-To-Do */ = {
			isa = PBXGroup;
			children = (
				4162C2032637D0950091E9AF /* Database */,
				415AC8242630089700D26339 /* Model */,
				414DAE11262E9F4B00AB5E38 /* ViewController */,
				414DADF9262E9F1E00AB5E38 /* AppDelegate.swift */,
				414DADFB262E9F1E00AB5E38 /* SceneDelegate.swift */,
				414DADFF262E9F1E00AB5E38 /* Main.storyboard */,
				414DAE05262E9F1F00AB5E38 /* Assets.xcassets */,
				414DAE07262E9F1F00AB5E38 /* LaunchScreen.storyboard */,
				414DAE0A262E9F1F00AB5E38 /* Info.plist */,
				414DAE02262E9F1E00AB5E38 /* LifeCycle_To_Do.xcdatamodeld */,
			);
			path = "LifeCycle-To-Do";
			sourceTree = "<group>";
		};
		414DAE11262E9F4B00AB5E38 /* ViewController */ = {
			isa = PBXGroup;
			children = (
				414DAE12262E9F5F00AB5E38 /* LoginTableViewController.swift */,
				41E3F82A2632A215009D9170 /* TodayTableViewController.swift */,
				4162C1AB26352EDB0091E9AF /* MyProfileViewController.swift */,
				4162C1AE263664840091E9AF /* FocusViewController.swift */,
				4162C1B42636D3F00091E9AF /* AddTaskViewController.swift */,
				4162C1B72636D3FC0091E9AF /* AddHabitViewController.swift */,
				41C494B7263CEA8C00215481 /* TaskTableViewCell.swift */,
				41C494B9263CEA9B00215481 /* HabitTableViewCell.swift */,
			);
			path = ViewController;
			sourceTree = "<group>";
		};
		415AC8242630089700D26339 /* Model */ = {
			isa = PBXGroup;
			children = (
				41C494AB263CE89800215481 /* Habit+CoreDataClass.swift */,
				41C494AC263CE89800215481 /* Habit+CoreDataProperties.swift */,
				41C494AD263CE89800215481 /* User+CoreDataClass.swift */,
				41C494AE263CE89800215481 /* User+CoreDataProperties.swift */,
				41C494AF263CE89800215481 /* Task+CoreDataClass.swift */,
				41C494B0263CE89800215481 /* Task+CoreDataProperties.swift */,
				4162C1ED2637CC610091E9AF /* LifeCycle-DataModel.xcdatamodeld */,
			);
			path = Model;
			sourceTree = "<group>";
		};
		4162C2032637D0950091E9AF /* Database */ = {
			isa = PBXGroup;
			children = (
				4162C1FF2637CFFA0091E9AF /* MulticastDelegate.swift */,
				4162C2042637D0C00091E9AF /* DatabaseProtocol.swift */,
				4162C2072637D2400091E9AF /* CoreDataController.swift */,
			);
			path = Database;
			sourceTree = "<group>";
		};
/* End PBXGroup section */

/* Begin PBXNativeTarget section */
		414DADF5262E9F1E00AB5E38 /* LifeCycle-To-Do */ = {
			isa = PBXNativeTarget;
			buildConfigurationList = 414DAE0D262E9F1F00AB5E38 /* Build configuration list for PBXNativeTarget "LifeCycle-To-Do" */;
			buildPhases = (
				414DADF2262E9F1E00AB5E38 /* Sources */,
				414DADF3262E9F1E00AB5E38 /* Frameworks */,
				414DADF4262E9F1E00AB5E38 /* Resources */,
			);
			buildRules = (
			);
			dependencies = (
			);
			name = "LifeCycle-To-Do";
			productName = "LifeCycle-To-Do";
			productReference = 414DADF6262E9F1E00AB5E38 /* LifeCycle-To-Do.app */;
			productType = "com.apple.product-type.application";
		};
/* End PBXNativeTarget section */

/* Begin PBXProject section */
		414DADEE262E9F1E00AB5E38 /* Project object */ = {
			isa = PBXProject;
			attributes = {
				LastSwiftUpdateCheck = 1240;
				LastUpgradeCheck = 1240;
				TargetAttributes = {
					414DADF5262E9F1E00AB5E38 = {
						CreatedOnToolsVersion = 12.4;
					};
				};
			};
			buildConfigurationList = 414DADF1262E9F1E00AB5E38 /* Build configuration list for PBXProject "LifeCycle-To-Do" */;
			compatibilityVersion = "Xcode 9.3";
			developmentRegion = en;
			hasScannedForEncodings = 0;
			knownRegions = (
				en,
				Base,
			);
			mainGroup = 414DADED262E9F1E00AB5E38;
			productRefGroup = 414DADF7262E9F1E00AB5E38 /* Products */;
			projectDirPath = "";
			projectRoot = "";
			targets = (
				414DADF5262E9F1E00AB5E38 /* LifeCycle-To-Do */,
			);
		};
/* End PBXProject section */

/* Begin PBXResourcesBuildPhase section */
		414DADF4262E9F1E00AB5E38 /* Resources */ = {
			isa = PBXResourcesBuildPhase;
			buildActionMask = 2147483647;
			files = (
				414DAE09262E9F1F00AB5E38 /* LaunchScreen.storyboard in Resources */,
				414DAE06262E9F1F00AB5E38 /* Assets.xcassets in Resources */,
				414DAE01262E9F1E00AB5E38 /* Main.storyboard in Resources */,
			);
			runOnlyForDeploymentPostprocessing = 0;
		};
/* End PBXResourcesBuildPhase section */

/* Begin PBXSourcesBuildPhase section */
		414DADF2262E9F1E00AB5E38 /* Sources */ = {
			isa = PBXSourcesBuildPhase;
			buildActionMask = 2147483647;
			files = (
				41C494B1263CE89800215481 /* Habit+CoreDataClass.swift in Sources */,
				4162C1B52636D3F00091E9AF /* AddTaskViewController.swift in Sources */,
				41C494B8263CEA8C00215481 /* TaskTableViewCell.swift in Sources */,
				4162C1AC26352EDB0091E9AF /* MyProfileViewController.swift in Sources */,
				414DAE13262E9F5F00AB5E38 /* LoginTableViewController.swift in Sources */,
				41C494B6263CE89800215481 /* Task+CoreDataProperties.swift in Sources */,
				41E3F82B2632A215009D9170 /* TodayTableViewController.swift in Sources */,
				414DAE04262E9F1E00AB5E38 /* LifeCycle_To_Do.xcdatamodeld in Sources */,
				41C494BA263CEA9B00215481 /* HabitTableViewCell.swift in Sources */,
				41C494B5263CE89800215481 /* Task+CoreDataClass.swift in Sources */,
				414DADFA262E9F1E00AB5E38 /* AppDelegate.swift in Sources */,
				4162C1EF2637CC610091E9AF /* LifeCycle-DataModel.xcdatamodeld in Sources */,
				4162C2052637D0C00091E9AF /* DatabaseProtocol.swift in Sources */,
				41C494B4263CE89800215481 /* User+CoreDataProperties.swift in Sources */,
				414DADFC262E9F1E00AB5E38 /* SceneDelegate.swift in Sources */,
				4162C1B82636D3FC0091E9AF /* AddHabitViewController.swift in Sources */,
				41C494B2263CE89800215481 /* Habit+CoreDataProperties.swift in Sources */,
				41C494B3263CE89800215481 /* User+CoreDataClass.swift in Sources */,
				4162C2082637D2400091E9AF /* CoreDataController.swift in Sources */,
				4162C2002637CFFA0091E9AF /* MulticastDelegate.swift in Sources */,
				4162C1AF263664840091E9AF /* FocusViewController.swift in Sources */,
			);
			runOnlyForDeploymentPostprocessing = 0;
		};
/* End PBXSourcesBuildPhase section */

/* Begin PBXVariantGroup section */
		414DADFF262E9F1E00AB5E38 /* Main.storyboard */ = {
			isa = PBXVariantGroup;
			children = (
				414DAE00262E9F1E00AB5E38 /* Base */,
			);
			name = Main.storyboard;
			sourceTree = "<group>";
		};
		414DAE07262E9F1F00AB5E38 /* LaunchScreen.storyboard */ = {
			isa = PBXVariantGroup;
			children = (
				414DAE08262E9F1F00AB5E38 /* Base */,
			);
			name = LaunchScreen.storyboard;
			sourceTree = "<group>";
		};
/* End PBXVariantGroup section */

/* Begin XCBuildConfiguration section */
		414DAE0B262E9F1F00AB5E38 /* Debug */ = {
			isa = XCBuildConfiguration;
			buildSettings = {
				ALWAYS_SEARCH_USER_PATHS = NO;
				CLANG_ANALYZER_NONNULL = YES;
				CLANG_ANALYZER_NUMBER_OBJECT_CONVERSION = YES_AGGRESSIVE;
				CLANG_CXX_LANGUAGE_STANDARD = "gnu++14";
				CLANG_CXX_LIBRARY = "libc++";
				CLANG_ENABLE_MODULES = YES;
				CLANG_ENABLE_OBJC_ARC = YES;
				CLANG_ENABLE_OBJC_WEAK = YES;
				CLANG_WARN_BLOCK_CAPTURE_AUTORELEASING = YES;
				CLANG_WARN_BOOL_CONVERSION = YES;
				CLANG_WARN_COMMA = YES;
				CLANG_WARN_CONSTANT_CONVERSION = YES;
				CLANG_WARN_DEPRECATED_OBJC_IMPLEMENTATIONS = YES;
				CLANG_WARN_DIRECT_OBJC_ISA_USAGE = YES_ERROR;
				CLANG_WARN_DOCUMENTATION_COMMENTS = YES;
				CLANG_WARN_EMPTY_BODY = YES;
				CLANG_WARN_ENUM_CONVERSION = YES;
				CLANG_WARN_INFINITE_RECURSION = YES;
				CLANG_WARN_INT_CONVERSION = YES;
				CLANG_WARN_NON_LITERAL_NULL_CONVERSION = YES;
				CLANG_WARN_OBJC_IMPLICIT_RETAIN_SELF = YES;
				CLANG_WARN_OBJC_LITERAL_CONVERSION = YES;
				CLANG_WARN_OBJC_ROOT_CLASS = YES_ERROR;
				CLANG_WARN_QUOTED_INCLUDE_IN_FRAMEWORK_HEADER = YES;
				CLANG_WARN_RANGE_LOOP_ANALYSIS = YES;
				CLANG_WARN_STRICT_PROTOTYPES = YES;
				CLANG_WARN_SUSPICIOUS_MOVE = YES;
				CLANG_WARN_UNGUARDED_AVAILABILITY = YES_AGGRESSIVE;
				CLANG_WARN_UNREACHABLE_CODE = YES;
				CLANG_WARN__DUPLICATE_METHOD_MATCH = YES;
				COPY_PHASE_STRIP = NO;
				DEBUG_INFORMATION_FORMAT = dwarf;
				ENABLE_STRICT_OBJC_MSGSEND = YES;
				ENABLE_TESTABILITY = YES;
				GCC_C_LANGUAGE_STANDARD = gnu11;
				GCC_DYNAMIC_NO_PIC = NO;
				GCC_NO_COMMON_BLOCKS = YES;
				GCC_OPTIMIZATION_LEVEL = 0;
				GCC_PREPROCESSOR_DEFINITIONS = (
					"DEBUG=1",
					"$(inherited)",
				);
				GCC_WARN_64_TO_32_BIT_CONVERSION = YES;
				GCC_WARN_ABOUT_RETURN_TYPE = YES_ERROR;
				GCC_WARN_UNDECLARED_SELECTOR = YES;
				GCC_WARN_UNINITIALIZED_AUTOS = YES_AGGRESSIVE;
				GCC_WARN_UNUSED_FUNCTION = YES;
				GCC_WARN_UNUSED_VARIABLE = YES;
				IPHONEOS_DEPLOYMENT_TARGET = 14.4;
				MTL_ENABLE_DEBUG_INFO = INCLUDE_SOURCE;
				MTL_FAST_MATH = YES;
				ONLY_ACTIVE_ARCH = YES;
				SDKROOT = iphoneos;
				SWIFT_ACTIVE_COMPILATION_CONDITIONS = DEBUG;
				SWIFT_OPTIMIZATION_LEVEL = "-Onone";
			};
			name = Debug;
		};
		414DAE0C262E9F1F00AB5E38 /* Release */ = {
			isa = XCBuildConfiguration;
			buildSettings = {
				ALWAYS_SEARCH_USER_PATHS = NO;
				CLANG_ANALYZER_NONNULL = YES;
				CLANG_ANALYZER_NUMBER_OBJECT_CONVERSION = YES_AGGRESSIVE;
				CLANG_CXX_LANGUAGE_STANDARD = "gnu++14";
				CLANG_CXX_LIBRARY = "libc++";
				CLANG_ENABLE_MODULES = YES;
				CLANG_ENABLE_OBJC_ARC = YES;
				CLANG_ENABLE_OBJC_WEAK = YES;
				CLANG_WARN_BLOCK_CAPTURE_AUTORELEASING = YES;
				CLANG_WARN_BOOL_CONVERSION = YES;
				CLANG_WARN_COMMA = YES;
				CLANG_WARN_CONSTANT_CONVERSION = YES;
				CLANG_WARN_DEPRECATED_OBJC_IMPLEMENTATIONS = YES;
				CLANG_WARN_DIRECT_OBJC_ISA_USAGE = YES_ERROR;
				CLANG_WARN_DOCUMENTATION_COMMENTS = YES;
				CLANG_WARN_EMPTY_BODY = YES;
				CLANG_WARN_ENUM_CONVERSION = YES;
				CLANG_WARN_INFINITE_RECURSION = YES;
				CLANG_WARN_INT_CONVERSION = YES;
				CLANG_WARN_NON_LITERAL_NULL_CONVERSION = YES;
				CLANG_WARN_OBJC_IMPLICIT_RETAIN_SELF = YES;
				CLANG_WARN_OBJC_LITERAL_CONVERSION = YES;
				CLANG_WARN_OBJC_ROOT_CLASS = YES_ERROR;
				CLANG_WARN_QUOTED_INCLUDE_IN_FRAMEWORK_HEADER = YES;
				CLANG_WARN_RANGE_LOOP_ANALYSIS = YES;
				CLANG_WARN_STRICT_PROTOTYPES = YES;
				CLANG_WARN_SUSPICIOUS_MOVE = YES;
				CLANG_WARN_UNGUARDED_AVAILABILITY = YES_AGGRESSIVE;
				CLANG_WARN_UNREACHABLE_CODE = YES;
				CLANG_WARN__DUPLICATE_METHOD_MATCH = YES;
				COPY_PHASE_STRIP = NO;
				DEBUG_INFORMATION_FORMAT = "dwarf-with-dsym";
				ENABLE_NS_ASSERTIONS = NO;
				ENABLE_STRICT_OBJC_MSGSEND = YES;
				GCC_C_LANGUAGE_STANDARD = gnu11;
				GCC_NO_COMMON_BLOCKS = YES;
				GCC_WARN_64_TO_32_BIT_CONVERSION = YES;
				GCC_WARN_ABOUT_RETURN_TYPE = YES_ERROR;
				GCC_WARN_UNDECLARED_SELECTOR = YES;
				GCC_WARN_UNINITIALIZED_AUTOS = YES_AGGRESSIVE;
				GCC_WARN_UNUSED_FUNCTION = YES;
				GCC_WARN_UNUSED_VARIABLE = YES;
				IPHONEOS_DEPLOYMENT_TARGET = 14.4;
				MTL_ENABLE_DEBUG_INFO = NO;
				MTL_FAST_MATH = YES;
				SDKROOT = iphoneos;
				SWIFT_COMPILATION_MODE = wholemodule;
				SWIFT_OPTIMIZATION_LEVEL = "-O";
				VALIDATE_PRODUCT = YES;
			};
			name = Release;
		};
		414DAE0E262E9F1F00AB5E38 /* Debug */ = {
			isa = XCBuildConfiguration;
			buildSettings = {
				ASSETCATALOG_COMPILER_APPICON_NAME = AppIcon;
				ASSETCATALOG_COMPILER_GLOBAL_ACCENT_COLOR_NAME = AccentColor;
				CODE_SIGN_STYLE = Automatic;
				DEVELOPMENT_TEAM = 2NB8Z2UB6N;
				INFOPLIST_FILE = "LifeCycle-To-Do/Info.plist";
				LD_RUNPATH_SEARCH_PATHS = (
					"$(inherited)",
					"@executable_path/Frameworks",
				);
				PRODUCT_BUNDLE_IDENTIFIER = "edu.monash.LifeCycle-To-Do";
				PRODUCT_NAME = "$(TARGET_NAME)";
				SWIFT_VERSION = 5.0;
				TARGETED_DEVICE_FAMILY = "1,2";
			};
			name = Debug;
		};
		414DAE0F262E9F1F00AB5E38 /* Release */ = {
			isa = XCBuildConfiguration;
			buildSettings = {
				ASSETCATALOG_COMPILER_APPICON_NAME = AppIcon;
				ASSETCATALOG_COMPILER_GLOBAL_ACCENT_COLOR_NAME = AccentColor;
				CODE_SIGN_STYLE = Automatic;
				DEVELOPMENT_TEAM = 2NB8Z2UB6N;
				INFOPLIST_FILE = "LifeCycle-To-Do/Info.plist";
				LD_RUNPATH_SEARCH_PATHS = (
					"$(inherited)",
					"@executable_path/Frameworks",
				);
				PRODUCT_BUNDLE_IDENTIFIER = "edu.monash.LifeCycle-To-Do";
				PRODUCT_NAME = "$(TARGET_NAME)";
				SWIFT_VERSION = 5.0;
				TARGETED_DEVICE_FAMILY = "1,2";
			};
			name = Release;
		};
/* End XCBuildConfiguration section */

/* Begin XCConfigurationList section */
		414DADF1262E9F1E00AB5E38 /* Build configuration list for PBXProject "LifeCycle-To-Do" */ = {
			isa = XCConfigurationList;
			buildConfigurations = (
				414DAE0B262E9F1F00AB5E38 /* Debug */,
				414DAE0C262E9F1F00AB5E38 /* Release */,
			);
			defaultConfigurationIsVisible = 0;
			defaultConfigurationName = Release;
		};
		414DAE0D262E9F1F00AB5E38 /* Build configuration list for PBXNativeTarget "LifeCycle-To-Do" */ = {
			isa = XCConfigurationList;
			buildConfigurations = (
				414DAE0E262E9F1F00AB5E38 /* Debug */,
				414DAE0F262E9F1F00AB5E38 /* Release */,
			);
			defaultConfigurationIsVisible = 0;
			defaultConfigurationName = Release;
		};
/* End XCConfigurationList section */

/* Begin XCVersionGroup section */
		414DAE02262E9F1E00AB5E38 /* LifeCycle_To_Do.xcdatamodeld */ = {
			isa = XCVersionGroup;
			children = (
				414DAE03262E9F1E00AB5E38 /* LifeCycle_To_Do.xcdatamodel */,
			);
			currentVersion = 414DAE03262E9F1E00AB5E38 /* LifeCycle_To_Do.xcdatamodel */;
			path = LifeCycle_To_Do.xcdatamodeld;
			sourceTree = "<group>";
			versionGroupType = wrapper.xcdatamodel;
		};
		4162C1ED2637CC610091E9AF /* LifeCycle-DataModel.xcdatamodeld */ = {
			isa = XCVersionGroup;
			children = (
				4162C1EE2637CC610091E9AF /* LifeCycle-DataModel.xcdatamodel */,
			);
			currentVersion = 4162C1EE2637CC610091E9AF /* LifeCycle-DataModel.xcdatamodel */;
			path = "LifeCycle-DataModel.xcdatamodeld";
			sourceTree = "<group>";
			versionGroupType = wrapper.xcdatamodel;
		};
/* End XCVersionGroup section */
	};
	rootObject = 414DADEE262E9F1E00AB5E38 /* Project object */;
}
